// !$*UTF8*$!
{
	archiveVersion = 1;
	classes = {
	};
	objectVersion = 46;
	objects = {

/* Begin PBXBuildFile section */
		EB29AF7D16DC2E0B00E169A2 /* CardMatchingGame.m in Sources */ = {isa = PBXBuildFile; fileRef = EB29AF7C16DC2E0B00E169A2 /* CardMatchingGame.m */; };
		EB9CFB8C16E63C78008C8AA4 /* GameResultsViewController.m in Sources */ = {isa = PBXBuildFile; fileRef = EB9CFB8B16E63C78008C8AA4 /* GameResultsViewController.m */; };
		EB9CFB8F16E64E6E008C8AA4 /* SetGameViewController.m in Sources */ = {isa = PBXBuildFile; fileRef = EB9CFB8E16E64E6E008C8AA4 /* SetGameViewController.m */; };
		EB9CFB9216E65159008C8AA4 /* SetCard.m in Sources */ = {isa = PBXBuildFile; fileRef = EB9CFB9116E65159008C8AA4 /* SetCard.m */; };
		EB9CFB9516E691E9008C8AA4 /* SetCardDeck.m in Sources */ = {isa = PBXBuildFile; fileRef = EB9CFB9416E691E9008C8AA4 /* SetCardDeck.m */; };
		EB9CFB9E16E6AAEB008C8AA4 /* MatchGameViewController.m in Sources */ = {isa = PBXBuildFile; fileRef = EB9CFB9D16E6AAEB008C8AA4 /* MatchGameViewController.m */; };
		EBA6876316DABE4B006018C2 /* UIKit.framework in Frameworks */ = {isa = PBXBuildFile; fileRef = EBA6876216DABE4B006018C2 /* UIKit.framework */; };
		EBA6876516DABE4B006018C2 /* Foundation.framework in Frameworks */ = {isa = PBXBuildFile; fileRef = EBA6876416DABE4B006018C2 /* Foundation.framework */; };
		EBA6876716DABE4B006018C2 /* CoreGraphics.framework in Frameworks */ = {isa = PBXBuildFile; fileRef = EBA6876616DABE4B006018C2 /* CoreGraphics.framework */; };
		EBA6876D16DABE4B006018C2 /* InfoPlist.strings in Resources */ = {isa = PBXBuildFile; fileRef = EBA6876B16DABE4B006018C2 /* InfoPlist.strings */; };
		EBA6876F16DABE4B006018C2 /* main.m in Sources */ = {isa = PBXBuildFile; fileRef = EBA6876E16DABE4B006018C2 /* main.m */; };
		EBA6877316DABE4B006018C2 /* CardGameAppDelegate.m in Sources */ = {isa = PBXBuildFile; fileRef = EBA6877216DABE4B006018C2 /* CardGameAppDelegate.m */; };
		EBA6877516DABE4B006018C2 /* Default.png in Resources */ = {isa = PBXBuildFile; fileRef = EBA6877416DABE4B006018C2 /* Default.png */; };
		EBA6877716DABE4B006018C2 /* Default@2x.png in Resources */ = {isa = PBXBuildFile; fileRef = EBA6877616DABE4B006018C2 /* Default@2x.png */; };
		EBA6877916DABE4B006018C2 /* Default-568h@2x.png in Resources */ = {isa = PBXBuildFile; fileRef = EBA6877816DABE4B006018C2 /* Default-568h@2x.png */; };
		EBA6877C16DABE4B006018C2 /* MainStoryboard.storyboard in Resources */ = {isa = PBXBuildFile; fileRef = EBA6877A16DABE4B006018C2 /* MainStoryboard.storyboard */; };
		EBA6877F16DABE4B006018C2 /* CardGameViewController.m in Sources */ = {isa = PBXBuildFile; fileRef = EBA6877E16DABE4B006018C2 /* CardGameViewController.m */; };
		EBA6878B16DBCA25006018C2 /* PlayingCard.m in Sources */ = {isa = PBXBuildFile; fileRef = EBA6878A16DBCA25006018C2 /* PlayingCard.m */; };
		EBA6878E16DBCA5E006018C2 /* Deck.m in Sources */ = {isa = PBXBuildFile; fileRef = EBA6878D16DBCA5E006018C2 /* Deck.m */; };
		EBA6879116DBCA89006018C2 /* PlayingCardDeck.m in Sources */ = {isa = PBXBuildFile; fileRef = EBA6879016DBCA89006018C2 /* PlayingCardDeck.m */; };
		EBA6879416DBCADE006018C2 /* Card.m in Sources */ = {isa = PBXBuildFile; fileRef = EBA6879316DBCADE006018C2 /* Card.m */; };
		EBB1ECB216E5C5B6008A0774 /* card-back.png in Resources */ = {isa = PBXBuildFile; fileRef = EBB1EC4416E5C5B6008A0774 /* card-back.png */; };
		EBB1ECB316E5C5B6008A0774 /* card-back@2x.png in Resources */ = {isa = PBXBuildFile; fileRef = EBB1EC4516E5C5B6008A0774 /* card-back@2x.png */; };
		EBB1ECB416E5C5B6008A0774 /* club-1.png in Resources */ = {isa = PBXBuildFile; fileRef = EBB1EC4616E5C5B6008A0774 /* club-1.png */; };
		EBB1ECB516E5C5B6008A0774 /* club-10.png in Resources */ = {isa = PBXBuildFile; fileRef = EBB1EC4716E5C5B6008A0774 /* club-10.png */; };
		EBB1ECB616E5C5B6008A0774 /* club-10@2x.png in Resources */ = {isa = PBXBuildFile; fileRef = EBB1EC4816E5C5B6008A0774 /* club-10@2x.png */; };
		EBB1ECB716E5C5B6008A0774 /* club-11.png in Resources */ = {isa = PBXBuildFile; fileRef = EBB1EC4916E5C5B6008A0774 /* club-11.png */; };
		EBB1ECB816E5C5B6008A0774 /* club-11@2x.png in Resources */ = {isa = PBXBuildFile; fileRef = EBB1EC4A16E5C5B6008A0774 /* club-11@2x.png */; };
		EBB1ECB916E5C5B6008A0774 /* club-12.png in Resources */ = {isa = PBXBuildFile; fileRef = EBB1EC4B16E5C5B6008A0774 /* club-12.png */; };
		EBB1ECBA16E5C5B6008A0774 /* club-12@2x.png in Resources */ = {isa = PBXBuildFile; fileRef = EBB1EC4C16E5C5B6008A0774 /* club-12@2x.png */; };
		EBB1ECBB16E5C5B6008A0774 /* club-13.png in Resources */ = {isa = PBXBuildFile; fileRef = EBB1EC4D16E5C5B6008A0774 /* club-13.png */; };
		EBB1ECBC16E5C5B6008A0774 /* club-13@2x.png in Resources */ = {isa = PBXBuildFile; fileRef = EBB1EC4E16E5C5B6008A0774 /* club-13@2x.png */; };
		EBB1ECBD16E5C5B6008A0774 /* club-1@2x.png in Resources */ = {isa = PBXBuildFile; fileRef = EBB1EC4F16E5C5B6008A0774 /* club-1@2x.png */; };
		EBB1ECBE16E5C5B6008A0774 /* club-2.png in Resources */ = {isa = PBXBuildFile; fileRef = EBB1EC5016E5C5B6008A0774 /* club-2.png */; };
		EBB1ECBF16E5C5B6008A0774 /* club-2@2x.png in Resources */ = {isa = PBXBuildFile; fileRef = EBB1EC5116E5C5B6008A0774 /* club-2@2x.png */; };
		EBB1ECC016E5C5B6008A0774 /* club-3.png in Resources */ = {isa = PBXBuildFile; fileRef = EBB1EC5216E5C5B6008A0774 /* club-3.png */; };
		EBB1ECC116E5C5B6008A0774 /* club-3@2x.png in Resources */ = {isa = PBXBuildFile; fileRef = EBB1EC5316E5C5B6008A0774 /* club-3@2x.png */; };
		EBB1ECC216E5C5B6008A0774 /* club-4.png in Resources */ = {isa = PBXBuildFile; fileRef = EBB1EC5416E5C5B6008A0774 /* club-4.png */; };
		EBB1ECC316E5C5B6008A0774 /* club-4@2x.png in Resources */ = {isa = PBXBuildFile; fileRef = EBB1EC5516E5C5B6008A0774 /* club-4@2x.png */; };
		EBB1ECC416E5C5B6008A0774 /* club-5.png in Resources */ = {isa = PBXBuildFile; fileRef = EBB1EC5616E5C5B6008A0774 /* club-5.png */; };
		EBB1ECC516E5C5B6008A0774 /* club-5@2x.png in Resources */ = {isa = PBXBuildFile; fileRef = EBB1EC5716E5C5B6008A0774 /* club-5@2x.png */; };
		EBB1ECC616E5C5B6008A0774 /* club-6.png in Resources */ = {isa = PBXBuildFile; fileRef = EBB1EC5816E5C5B6008A0774 /* club-6.png */; };
		EBB1ECC716E5C5B6008A0774 /* club-6@2x.png in Resources */ = {isa = PBXBuildFile; fileRef = EBB1EC5916E5C5B6008A0774 /* club-6@2x.png */; };
		EBB1ECC816E5C5B6008A0774 /* club-7.png in Resources */ = {isa = PBXBuildFile; fileRef = EBB1EC5A16E5C5B6008A0774 /* club-7.png */; };
		EBB1ECC916E5C5B6008A0774 /* club-7@2x.png in Resources */ = {isa = PBXBuildFile; fileRef = EBB1EC5B16E5C5B6008A0774 /* club-7@2x.png */; };
		EBB1ECCA16E5C5B6008A0774 /* club-8.png in Resources */ = {isa = PBXBuildFile; fileRef = EBB1EC5C16E5C5B6008A0774 /* club-8.png */; };
		EBB1ECCB16E5C5B6008A0774 /* club-8@2x.png in Resources */ = {isa = PBXBuildFile; fileRef = EBB1EC5D16E5C5B6008A0774 /* club-8@2x.png */; };
		EBB1ECCC16E5C5B6008A0774 /* club-9.png in Resources */ = {isa = PBXBuildFile; fileRef = EBB1EC5E16E5C5B6008A0774 /* club-9.png */; };
		EBB1ECCD16E5C5B6008A0774 /* club-9@2x.png in Resources */ = {isa = PBXBuildFile; fileRef = EBB1EC5F16E5C5B6008A0774 /* club-9@2x.png */; };
		EBB1ECCE16E5C5B6008A0774 /* Icon-72.png in Resources */ = {isa = PBXBuildFile; fileRef = EBB1EC6116E5C5B6008A0774 /* Icon-72.png */; };
		EBB1ECCF16E5C5B6008A0774 /* Icon.png in Resources */ = {isa = PBXBuildFile; fileRef = EBB1EC6216E5C5B6008A0774 /* Icon.png */; };
		EBB1ECD016E5C5B6008A0774 /* Icon@2x.png in Resources */ = {isa = PBXBuildFile; fileRef = EBB1EC6316E5C5B6008A0774 /* Icon@2x.png */; };
		EBB1ECD116E5C5B6008A0774 /* diamond-1.png in Resources */ = {isa = PBXBuildFile; fileRef = EBB1EC6416E5C5B6008A0774 /* diamond-1.png */; };
		EBB1ECD216E5C5B6008A0774 /* diamond-10.png in Resources */ = {isa = PBXBuildFile; fileRef = EBB1EC6516E5C5B6008A0774 /* diamond-10.png */; };
		EBB1ECD316E5C5B6008A0774 /* diamond-10@2x.png in Resources */ = {isa = PBXBuildFile; fileRef = EBB1EC6616E5C5B6008A0774 /* diamond-10@2x.png */; };
		EBB1ECD416E5C5B6008A0774 /* diamond-11.png in Resources */ = {isa = PBXBuildFile; fileRef = EBB1EC6716E5C5B6008A0774 /* diamond-11.png */; };
		EBB1ECD516E5C5B6008A0774 /* diamond-11@2x.png in Resources */ = {isa = PBXBuildFile; fileRef = EBB1EC6816E5C5B6008A0774 /* diamond-11@2x.png */; };
		EBB1ECD616E5C5B6008A0774 /* diamond-12.png in Resources */ = {isa = PBXBuildFile; fileRef = EBB1EC6916E5C5B6008A0774 /* diamond-12.png */; };
		EBB1ECD716E5C5B6008A0774 /* diamond-12@2x.png in Resources */ = {isa = PBXBuildFile; fileRef = EBB1EC6A16E5C5B6008A0774 /* diamond-12@2x.png */; };
		EBB1ECD816E5C5B6008A0774 /* diamond-13.png in Resources */ = {isa = PBXBuildFile; fileRef = EBB1EC6B16E5C5B6008A0774 /* diamond-13.png */; };
		EBB1ECD916E5C5B6008A0774 /* diamond-13@2x.png in Resources */ = {isa = PBXBuildFile; fileRef = EBB1EC6C16E5C5B6008A0774 /* diamond-13@2x.png */; };
		EBB1ECDA16E5C5B6008A0774 /* diamond-1@2x.png in Resources */ = {isa = PBXBuildFile; fileRef = EBB1EC6D16E5C5B6008A0774 /* diamond-1@2x.png */; };
		EBB1ECDB16E5C5B6008A0774 /* diamond-2.png in Resources */ = {isa = PBXBuildFile; fileRef = EBB1EC6E16E5C5B6008A0774 /* diamond-2.png */; };
		EBB1ECDC16E5C5B6008A0774 /* diamond-2@2x.png in Resources */ = {isa = PBXBuildFile; fileRef = EBB1EC6F16E5C5B6008A0774 /* diamond-2@2x.png */; };
		EBB1ECDD16E5C5B6008A0774 /* diamond-3.png in Resources */ = {isa = PBXBuildFile; fileRef = EBB1EC7016E5C5B6008A0774 /* diamond-3.png */; };
		EBB1ECDE16E5C5B6008A0774 /* diamond-3@2x.png in Resources */ = {isa = PBXBuildFile; fileRef = EBB1EC7116E5C5B6008A0774 /* diamond-3@2x.png */; };
		EBB1ECDF16E5C5B6008A0774 /* diamond-4.png in Resources */ = {isa = PBXBuildFile; fileRef = EBB1EC7216E5C5B6008A0774 /* diamond-4.png */; };
		EBB1ECE016E5C5B6008A0774 /* diamond-4@2x.png in Resources */ = {isa = PBXBuildFile; fileRef = EBB1EC7316E5C5B6008A0774 /* diamond-4@2x.png */; };
		EBB1ECE116E5C5B6008A0774 /* diamond-5.png in Resources */ = {isa = PBXBuildFile; fileRef = EBB1EC7416E5C5B6008A0774 /* diamond-5.png */; };
		EBB1ECE216E5C5B6008A0774 /* diamond-5@2x.png in Resources */ = {isa = PBXBuildFile; fileRef = EBB1EC7516E5C5B6008A0774 /* diamond-5@2x.png */; };
		EBB1ECE316E5C5B6008A0774 /* diamond-6.png in Resources */ = {isa = PBXBuildFile; fileRef = EBB1EC7616E5C5B6008A0774 /* diamond-6.png */; };
		EBB1ECE416E5C5B6008A0774 /* diamond-6@2x.png in Resources */ = {isa = PBXBuildFile; fileRef = EBB1EC7716E5C5B6008A0774 /* diamond-6@2x.png */; };
		EBB1ECE516E5C5B6008A0774 /* diamond-7.png in Resources */ = {isa = PBXBuildFile; fileRef = EBB1EC7816E5C5B6008A0774 /* diamond-7.png */; };
		EBB1ECE616E5C5B6008A0774 /* diamond-7@2x.png in Resources */ = {isa = PBXBuildFile; fileRef = EBB1EC7916E5C5B6008A0774 /* diamond-7@2x.png */; };
		EBB1ECE716E5C5B6008A0774 /* diamond-8.png in Resources */ = {isa = PBXBuildFile; fileRef = EBB1EC7A16E5C5B6008A0774 /* diamond-8.png */; };
		EBB1ECE816E5C5B6008A0774 /* diamond-8@2x.png in Resources */ = {isa = PBXBuildFile; fileRef = EBB1EC7B16E5C5B6008A0774 /* diamond-8@2x.png */; };
		EBB1ECE916E5C5B6008A0774 /* diamond-9.png in Resources */ = {isa = PBXBuildFile; fileRef = EBB1EC7C16E5C5B6008A0774 /* diamond-9.png */; };
		EBB1ECEA16E5C5B6008A0774 /* diamond-9@2x.png in Resources */ = {isa = PBXBuildFile; fileRef = EBB1EC7D16E5C5B6008A0774 /* diamond-9@2x.png */; };
		EBB1ECEB16E5C5B6008A0774 /* heart-1.png in Resources */ = {isa = PBXBuildFile; fileRef = EBB1EC7E16E5C5B6008A0774 /* heart-1.png */; };
		EBB1ECEC16E5C5B6008A0774 /* heart-10.png in Resources */ = {isa = PBXBuildFile; fileRef = EBB1EC7F16E5C5B6008A0774 /* heart-10.png */; };
		EBB1ECED16E5C5B6008A0774 /* heart-10@2x.png in Resources */ = {isa = PBXBuildFile; fileRef = EBB1EC8016E5C5B6008A0774 /* heart-10@2x.png */; };
		EBB1ECEE16E5C5B6008A0774 /* heart-11.png in Resources */ = {isa = PBXBuildFile; fileRef = EBB1EC8116E5C5B6008A0774 /* heart-11.png */; };
		EBB1ECEF16E5C5B6008A0774 /* heart-11@2x.png in Resources */ = {isa = PBXBuildFile; fileRef = EBB1EC8216E5C5B6008A0774 /* heart-11@2x.png */; };
		EBB1ECF016E5C5B6008A0774 /* heart-12.png in Resources */ = {isa = PBXBuildFile; fileRef = EBB1EC8316E5C5B6008A0774 /* heart-12.png */; };
		EBB1ECF116E5C5B6008A0774 /* heart-12@2x.png in Resources */ = {isa = PBXBuildFile; fileRef = EBB1EC8416E5C5B6008A0774 /* heart-12@2x.png */; };
		EBB1ECF216E5C5B6008A0774 /* heart-13.png in Resources */ = {isa = PBXBuildFile; fileRef = EBB1EC8516E5C5B6008A0774 /* heart-13.png */; };
		EBB1ECF316E5C5B6008A0774 /* heart-13@2x.png in Resources */ = {isa = PBXBuildFile; fileRef = EBB1EC8616E5C5B6008A0774 /* heart-13@2x.png */; };
		EBB1ECF416E5C5B6008A0774 /* heart-1@2x.png in Resources */ = {isa = PBXBuildFile; fileRef = EBB1EC8716E5C5B6008A0774 /* heart-1@2x.png */; };
		EBB1ECF516E5C5B6008A0774 /* heart-2.png in Resources */ = {isa = PBXBuildFile; fileRef = EBB1EC8816E5C5B6008A0774 /* heart-2.png */; };
		EBB1ECF616E5C5B6008A0774 /* heart-2@2x.png in Resources */ = {isa = PBXBuildFile; fileRef = EBB1EC8916E5C5B6008A0774 /* heart-2@2x.png */; };
		EBB1ECF716E5C5B6008A0774 /* heart-3.png in Resources */ = {isa = PBXBuildFile; fileRef = EBB1EC8A16E5C5B6008A0774 /* heart-3.png */; };
		EBB1ECF816E5C5B6008A0774 /* heart-3@2x.png in Resources */ = {isa = PBXBuildFile; fileRef = EBB1EC8B16E5C5B6008A0774 /* heart-3@2x.png */; };
		EBB1ECF916E5C5B6008A0774 /* heart-4.png in Resources */ = {isa = PBXBuildFile; fileRef = EBB1EC8C16E5C5B6008A0774 /* heart-4.png */; };
		EBB1ECFA16E5C5B6008A0774 /* heart-4@2x.png in Resources */ = {isa = PBXBuildFile; fileRef = EBB1EC8D16E5C5B6008A0774 /* heart-4@2x.png */; };
		EBB1ECFB16E5C5B6008A0774 /* heart-5.png in Resources */ = {isa = PBXBuildFile; fileRef = EBB1EC8E16E5C5B6008A0774 /* heart-5.png */; };
		EBB1ECFC16E5C5B6008A0774 /* heart-5@2x.png in Resources */ = {isa = PBXBuildFile; fileRef = EBB1EC8F16E5C5B6008A0774 /* heart-5@2x.png */; };
		EBB1ECFD16E5C5B6008A0774 /* heart-6.png in Resources */ = {isa = PBXBuildFile; fileRef = EBB1EC9016E5C5B6008A0774 /* heart-6.png */; };
		EBB1ECFE16E5C5B6008A0774 /* heart-6@2x.png in Resources */ = {isa = PBXBuildFile; fileRef = EBB1EC9116E5C5B6008A0774 /* heart-6@2x.png */; };
		EBB1ECFF16E5C5B6008A0774 /* heart-7.png in Resources */ = {isa = PBXBuildFile; fileRef = EBB1EC9216E5C5B6008A0774 /* heart-7.png */; };
		EBB1ED0016E5C5B6008A0774 /* heart-7@2x.png in Resources */ = {isa = PBXBuildFile; fileRef = EBB1EC9316E5C5B6008A0774 /* heart-7@2x.png */; };
		EBB1ED0116E5C5B6008A0774 /* heart-8.png in Resources */ = {isa = PBXBuildFile; fileRef = EBB1EC9416E5C5B6008A0774 /* heart-8.png */; };
		EBB1ED0216E5C5B6008A0774 /* heart-8@2x.png in Resources */ = {isa = PBXBuildFile; fileRef = EBB1EC9516E5C5B6008A0774 /* heart-8@2x.png */; };
		EBB1ED0316E5C5B6008A0774 /* heart-9.png in Resources */ = {isa = PBXBuildFile; fileRef = EBB1EC9616E5C5B6008A0774 /* heart-9.png */; };
		EBB1ED0416E5C5B6008A0774 /* heart-9@2x.png in Resources */ = {isa = PBXBuildFile; fileRef = EBB1EC9716E5C5B6008A0774 /* heart-9@2x.png */; };
		EBB1ED0516E5C5B6008A0774 /* spade-1.png in Resources */ = {isa = PBXBuildFile; fileRef = EBB1EC9816E5C5B6008A0774 /* spade-1.png */; };
		EBB1ED0616E5C5B6008A0774 /* spade-10.png in Resources */ = {isa = PBXBuildFile; fileRef = EBB1EC9916E5C5B6008A0774 /* spade-10.png */; };
		EBB1ED0716E5C5B6008A0774 /* spade-10@2x.png in Resources */ = {isa = PBXBuildFile; fileRef = EBB1EC9A16E5C5B6008A0774 /* spade-10@2x.png */; };
		EBB1ED0816E5C5B6008A0774 /* spade-11.png in Resources */ = {isa = PBXBuildFile; fileRef = EBB1EC9B16E5C5B6008A0774 /* spade-11.png */; };
		EBB1ED0916E5C5B6008A0774 /* spade-11@2x.png in Resources */ = {isa = PBXBuildFile; fileRef = EBB1EC9C16E5C5B6008A0774 /* spade-11@2x.png */; };
		EBB1ED0A16E5C5B6008A0774 /* spade-12.png in Resources */ = {isa = PBXBuildFile; fileRef = EBB1EC9D16E5C5B6008A0774 /* spade-12.png */; };
		EBB1ED0B16E5C5B6008A0774 /* spade-12@2x.png in Resources */ = {isa = PBXBuildFile; fileRef = EBB1EC9E16E5C5B6008A0774 /* spade-12@2x.png */; };
		EBB1ED0C16E5C5B6008A0774 /* spade-13.png in Resources */ = {isa = PBXBuildFile; fileRef = EBB1EC9F16E5C5B6008A0774 /* spade-13.png */; };
		EBB1ED0D16E5C5B6008A0774 /* spade-13@2x.png in Resources */ = {isa = PBXBuildFile; fileRef = EBB1ECA016E5C5B6008A0774 /* spade-13@2x.png */; };
		EBB1ED0E16E5C5B6008A0774 /* spade-1@2x.png in Resources */ = {isa = PBXBuildFile; fileRef = EBB1ECA116E5C5B6008A0774 /* spade-1@2x.png */; };
		EBB1ED0F16E5C5B6008A0774 /* spade-2.png in Resources */ = {isa = PBXBuildFile; fileRef = EBB1ECA216E5C5B6008A0774 /* spade-2.png */; };
		EBB1ED1016E5C5B6008A0774 /* spade-2@2x.png in Resources */ = {isa = PBXBuildFile; fileRef = EBB1ECA316E5C5B6008A0774 /* spade-2@2x.png */; };
		EBB1ED1116E5C5B6008A0774 /* spade-3.png in Resources */ = {isa = PBXBuildFile; fileRef = EBB1ECA416E5C5B6008A0774 /* spade-3.png */; };
		EBB1ED1216E5C5B6008A0774 /* spade-3@2x.png in Resources */ = {isa = PBXBuildFile; fileRef = EBB1ECA516E5C5B6008A0774 /* spade-3@2x.png */; };
		EBB1ED1316E5C5B6008A0774 /* spade-4.png in Resources */ = {isa = PBXBuildFile; fileRef = EBB1ECA616E5C5B6008A0774 /* spade-4.png */; };
		EBB1ED1416E5C5B6008A0774 /* spade-4@2x.png in Resources */ = {isa = PBXBuildFile; fileRef = EBB1ECA716E5C5B6008A0774 /* spade-4@2x.png */; };
		EBB1ED1516E5C5B6008A0774 /* spade-5.png in Resources */ = {isa = PBXBuildFile; fileRef = EBB1ECA816E5C5B6008A0774 /* spade-5.png */; };
		EBB1ED1616E5C5B6008A0774 /* spade-5@2x.png in Resources */ = {isa = PBXBuildFile; fileRef = EBB1ECA916E5C5B6008A0774 /* spade-5@2x.png */; };
		EBB1ED1716E5C5B6008A0774 /* spade-6.png in Resources */ = {isa = PBXBuildFile; fileRef = EBB1ECAA16E5C5B6008A0774 /* spade-6.png */; };
		EBB1ED1816E5C5B6008A0774 /* spade-6@2x.png in Resources */ = {isa = PBXBuildFile; fileRef = EBB1ECAB16E5C5B6008A0774 /* spade-6@2x.png */; };
		EBB1ED1916E5C5B6008A0774 /* spade-7.png in Resources */ = {isa = PBXBuildFile; fileRef = EBB1ECAC16E5C5B6008A0774 /* spade-7.png */; };
		EBB1ED1A16E5C5B6008A0774 /* spade-7@2x.png in Resources */ = {isa = PBXBuildFile; fileRef = EBB1ECAD16E5C5B6008A0774 /* spade-7@2x.png */; };
		EBB1ED1B16E5C5B6008A0774 /* spade-8.png in Resources */ = {isa = PBXBuildFile; fileRef = EBB1ECAE16E5C5B6008A0774 /* spade-8.png */; };
		EBB1ED1C16E5C5B6008A0774 /* spade-8@2x.png in Resources */ = {isa = PBXBuildFile; fileRef = EBB1ECAF16E5C5B6008A0774 /* spade-8@2x.png */; };
		EBB1ED1D16E5C5B6008A0774 /* spade-9.png in Resources */ = {isa = PBXBuildFile; fileRef = EBB1ECB016E5C5B6008A0774 /* spade-9.png */; };
		EBB1ED1E16E5C5B6008A0774 /* spade-9@2x.png in Resources */ = {isa = PBXBuildFile; fileRef = EBB1ECB116E5C5B6008A0774 /* spade-9@2x.png */; };
/* End PBXBuildFile section */

/* Begin PBXFileReference section */
		EB29AF7B16DC2E0B00E169A2 /* CardMatchingGame.h */ = {isa = PBXFileReference; fileEncoding = 4; lastKnownFileType = sourcecode.c.h; name = CardMatchingGame.h; path = Model/CardMatchingGame.h; sourceTree = "<group>"; };
		EB29AF7C16DC2E0B00E169A2 /* CardMatchingGame.m */ = {isa = PBXFileReference; fileEncoding = 4; lastKnownFileType = sourcecode.c.objc; lineEnding = 0; name = CardMatchingGame.m; path = Model/CardMatchingGame.m; sourceTree = "<group>"; xcLanguageSpecificationIdentifier = xcode.lang.objc; };
		EB9CFB8A16E63C78008C8AA4 /* GameResultsViewController.h */ = {isa = PBXFileReference; fileEncoding = 4; lastKnownFileType = sourcecode.c.h; path = GameResultsViewController.h; sourceTree = "<group>"; };
		EB9CFB8B16E63C78008C8AA4 /* GameResultsViewController.m */ = {isa = PBXFileReference; fileEncoding = 4; lastKnownFileType = sourcecode.c.objc; path = GameResultsViewController.m; sourceTree = "<group>"; };
		EB9CFB8D16E64E6E008C8AA4 /* SetGameViewController.h */ = {isa = PBXFileReference; fileEncoding = 4; lastKnownFileType = sourcecode.c.h; path = SetGameViewController.h; sourceTree = "<group>"; };
		EB9CFB8E16E64E6E008C8AA4 /* SetGameViewController.m */ = {isa = PBXFileReference; fileEncoding = 4; lastKnownFileType = sourcecode.c.objc; path = SetGameViewController.m; sourceTree = "<group>"; };
		EB9CFB9016E65159008C8AA4 /* SetCard.h */ = {isa = PBXFileReference; fileEncoding = 4; lastKnownFileType = sourcecode.c.h; name = SetCard.h; path = Model/SetCard.h; sourceTree = "<group>"; };
		EB9CFB9116E65159008C8AA4 /* SetCard.m */ = {isa = PBXFileReference; fileEncoding = 4; lastKnownFileType = sourcecode.c.objc; lineEnding = 0; name = SetCard.m; path = Model/SetCard.m; sourceTree = "<group>"; xcLanguageSpecificationIdentifier = xcode.lang.objc; };
		EB9CFB9316E691E8008C8AA4 /* SetCardDeck.h */ = {isa = PBXFileReference; fileEncoding = 4; lastKnownFileType = sourcecode.c.h; name = SetCardDeck.h; path = Model/SetCardDeck.h; sourceTree = "<group>"; };
		EB9CFB9416E691E9008C8AA4 /* SetCardDeck.m */ = {isa = PBXFileReference; fileEncoding = 4; lastKnownFileType = sourcecode.c.objc; name = SetCardDeck.m; path = Model/SetCardDeck.m; sourceTree = "<group>"; };
		EB9CFB9C16E6AAEB008C8AA4 /* MatchGameViewController.h */ = {isa = PBXFileReference; fileEncoding = 4; lastKnownFileType = sourcecode.c.h; path = MatchGameViewController.h; sourceTree = "<group>"; };
		EB9CFB9D16E6AAEB008C8AA4 /* MatchGameViewController.m */ = {isa = PBXFileReference; fileEncoding = 4; lastKnownFileType = sourcecode.c.objc; path = MatchGameViewController.m; sourceTree = "<group>"; };
		EBA6875F16DABE4A006018C2 /* Matchismo.app */ = {isa = PBXFileReference; explicitFileType = wrapper.application; includeInIndex = 0; path = Matchismo.app; sourceTree = BUILT_PRODUCTS_DIR; };
		EBA6876216DABE4B006018C2 /* UIKit.framework */ = {isa = PBXFileReference; lastKnownFileType = wrapper.framework; name = UIKit.framework; path = System/Library/Frameworks/UIKit.framework; sourceTree = SDKROOT; };
		EBA6876416DABE4B006018C2 /* Foundation.framework */ = {isa = PBXFileReference; lastKnownFileType = wrapper.framework; name = Foundation.framework; path = System/Library/Frameworks/Foundation.framework; sourceTree = SDKROOT; };
		EBA6876616DABE4B006018C2 /* CoreGraphics.framework */ = {isa = PBXFileReference; lastKnownFileType = wrapper.framework; name = CoreGraphics.framework; path = System/Library/Frameworks/CoreGraphics.framework; sourceTree = SDKROOT; };
		EBA6876A16DABE4B006018C2 /* Matchismo-Info.plist */ = {isa = PBXFileReference; lastKnownFileType = text.plist.xml; path = "Matchismo-Info.plist"; sourceTree = "<group>"; };
		EBA6876C16DABE4B006018C2 /* en */ = {isa = PBXFileReference; lastKnownFileType = text.plist.strings; name = en; path = en.lproj/InfoPlist.strings; sourceTree = "<group>"; };
		EBA6876E16DABE4B006018C2 /* main.m */ = {isa = PBXFileReference; lastKnownFileType = sourcecode.c.objc; path = main.m; sourceTree = "<group>"; };
		EBA6877016DABE4B006018C2 /* Matchismo-Prefix.pch */ = {isa = PBXFileReference; lastKnownFileType = sourcecode.c.h; path = "Matchismo-Prefix.pch"; sourceTree = "<group>"; };
		EBA6877116DABE4B006018C2 /* CardGameAppDelegate.h */ = {isa = PBXFileReference; lastKnownFileType = sourcecode.c.h; path = CardGameAppDelegate.h; sourceTree = "<group>"; };
		EBA6877216DABE4B006018C2 /* CardGameAppDelegate.m */ = {isa = PBXFileReference; lastKnownFileType = sourcecode.c.objc; path = CardGameAppDelegate.m; sourceTree = "<group>"; };
		EBA6877416DABE4B006018C2 /* Default.png */ = {isa = PBXFileReference; lastKnownFileType = image.png; path = Default.png; sourceTree = "<group>"; };
		EBA6877616DABE4B006018C2 /* Default@2x.png */ = {isa = PBXFileReference; lastKnownFileType = image.png; path = "Default@2x.png"; sourceTree = "<group>"; };
		EBA6877816DABE4B006018C2 /* Default-568h@2x.png */ = {isa = PBXFileReference; lastKnownFileType = image.png; path = "Default-568h@2x.png"; sourceTree = "<group>"; };
		EBA6877B16DABE4B006018C2 /* en */ = {isa = PBXFileReference; lastKnownFileType = file.storyboard; name = en; path = en.lproj/MainStoryboard.storyboard; sourceTree = "<group>"; };
		EBA6877D16DABE4B006018C2 /* CardGameViewController.h */ = {isa = PBXFileReference; lastKnownFileType = sourcecode.c.h; path = CardGameViewController.h; sourceTree = "<group>"; };
		EBA6877E16DABE4B006018C2 /* CardGameViewController.m */ = {isa = PBXFileReference; lastKnownFileType = sourcecode.c.objc; lineEnding = 0; path = CardGameViewController.m; sourceTree = "<group>"; xcLanguageSpecificationIdentifier = xcode.lang.objc; };
		EBA6878916DBCA25006018C2 /* PlayingCard.h */ = {isa = PBXFileReference; fileEncoding = 4; lastKnownFileType = sourcecode.c.h; name = PlayingCard.h; path = Model/PlayingCard.h; sourceTree = "<group>"; };
		EBA6878A16DBCA25006018C2 /* PlayingCard.m */ = {isa = PBXFileReference; fileEncoding = 4; lastKnownFileType = sourcecode.c.objc; name = PlayingCard.m; path = Model/PlayingCard.m; sourceTree = "<group>"; };
		EBA6878C16DBCA5E006018C2 /* Deck.h */ = {isa = PBXFileReference; fileEncoding = 4; lastKnownFileType = sourcecode.c.h; name = Deck.h; path = Model/Deck.h; sourceTree = "<group>"; };
		EBA6878D16DBCA5E006018C2 /* Deck.m */ = {isa = PBXFileReference; fileEncoding = 4; lastKnownFileType = sourcecode.c.objc; lineEnding = 0; name = Deck.m; path = Model/Deck.m; sourceTree = "<group>"; xcLanguageSpecificationIdentifier = xcode.lang.objc; };
		EBA6878F16DBCA89006018C2 /* PlayingCardDeck.h */ = {isa = PBXFileReference; fileEncoding = 4; lastKnownFileType = sourcecode.c.h; name = PlayingCardDeck.h; path = Model/PlayingCardDeck.h; sourceTree = "<group>"; };
		EBA6879016DBCA89006018C2 /* PlayingCardDeck.m */ = {isa = PBXFileReference; fileEncoding = 4; lastKnownFileType = sourcecode.c.objc; name = PlayingCardDeck.m; path = Model/PlayingCardDeck.m; sourceTree = "<group>"; };
		EBA6879216DBCADE006018C2 /* Card.h */ = {isa = PBXFileReference; fileEncoding = 4; lastKnownFileType = sourcecode.c.h; name = Card.h; path = Model/Card.h; sourceTree = "<group>"; };
		EBA6879316DBCADE006018C2 /* Card.m */ = {isa = PBXFileReference; fileEncoding = 4; lastKnownFileType = sourcecode.c.objc; name = Card.m; path = Model/Card.m; sourceTree = "<group>"; };
		EBB1EC4416E5C5B6008A0774 /* card-back.png */ = {isa = PBXFileReference; lastKnownFileType = image.png; path = "card-back.png"; sourceTree = "<group>"; };
		EBB1EC4516E5C5B6008A0774 /* card-back@2x.png */ = {isa = PBXFileReference; lastKnownFileType = image.png; path = "card-back@2x.png"; sourceTree = "<group>"; };
		EBB1EC4616E5C5B6008A0774 /* club-1.png */ = {isa = PBXFileReference; lastKnownFileType = image.png; path = "club-1.png"; sourceTree = "<group>"; };
		EBB1EC4716E5C5B6008A0774 /* club-10.png */ = {isa = PBXFileReference; lastKnownFileType = image.png; path = "club-10.png"; sourceTree = "<group>"; };
		EBB1EC4816E5C5B6008A0774 /* club-10@2x.png */ = {isa = PBXFileReference; lastKnownFileType = image.png; path = "club-10@2x.png"; sourceTree = "<group>"; };
		EBB1EC4916E5C5B6008A0774 /* club-11.png */ = {isa = PBXFileReference; lastKnownFileType = image.png; path = "club-11.png"; sourceTree = "<group>"; };
		EBB1EC4A16E5C5B6008A0774 /* club-11@2x.png */ = {isa = PBXFileReference; lastKnownFileType = image.png; path = "club-11@2x.png"; sourceTree = "<group>"; };
		EBB1EC4B16E5C5B6008A0774 /* club-12.png */ = {isa = PBXFileReference; lastKnownFileType = image.png; path = "club-12.png"; sourceTree = "<group>"; };
		EBB1EC4C16E5C5B6008A0774 /* club-12@2x.png */ = {isa = PBXFileReference; lastKnownFileType = image.png; path = "club-12@2x.png"; sourceTree = "<group>"; };
		EBB1EC4D16E5C5B6008A0774 /* club-13.png */ = {isa = PBXFileReference; lastKnownFileType = image.png; path = "club-13.png"; sourceTree = "<group>"; };
		EBB1EC4E16E5C5B6008A0774 /* club-13@2x.png */ = {isa = PBXFileReference; lastKnownFileType = image.png; path = "club-13@2x.png"; sourceTree = "<group>"; };
		EBB1EC4F16E5C5B6008A0774 /* club-1@2x.png */ = {isa = PBXFileReference; lastKnownFileType = image.png; path = "club-1@2x.png"; sourceTree = "<group>"; };
		EBB1EC5016E5C5B6008A0774 /* club-2.png */ = {isa = PBXFileReference; lastKnownFileType = image.png; path = "club-2.png"; sourceTree = "<group>"; };
		EBB1EC5116E5C5B6008A0774 /* club-2@2x.png */ = {isa = PBXFileReference; lastKnownFileType = image.png; path = "club-2@2x.png"; sourceTree = "<group>"; };
		EBB1EC5216E5C5B6008A0774 /* club-3.png */ = {isa = PBXFileReference; lastKnownFileType = image.png; path = "club-3.png"; sourceTree = "<group>"; };
		EBB1EC5316E5C5B6008A0774 /* club-3@2x.png */ = {isa = PBXFileReference; lastKnownFileType = image.png; path = "club-3@2x.png"; sourceTree = "<group>"; };
		EBB1EC5416E5C5B6008A0774 /* club-4.png */ = {isa = PBXFileReference; lastKnownFileType = image.png; path = "club-4.png"; sourceTree = "<group>"; };
		EBB1EC5516E5C5B6008A0774 /* club-4@2x.png */ = {isa = PBXFileReference; lastKnownFileType = image.png; path = "club-4@2x.png"; sourceTree = "<group>"; };
		EBB1EC5616E5C5B6008A0774 /* club-5.png */ = {isa = PBXFileReference; lastKnownFileType = image.png; path = "club-5.png"; sourceTree = "<group>"; };
		EBB1EC5716E5C5B6008A0774 /* club-5@2x.png */ = {isa = PBXFileReference; lastKnownFileType = image.png; path = "club-5@2x.png"; sourceTree = "<group>"; };
		EBB1EC5816E5C5B6008A0774 /* club-6.png */ = {isa = PBXFileReference; lastKnownFileType = image.png; path = "club-6.png"; sourceTree = "<group>"; };
		EBB1EC5916E5C5B6008A0774 /* club-6@2x.png */ = {isa = PBXFileReference; lastKnownFileType = image.png; path = "club-6@2x.png"; sourceTree = "<group>"; };
		EBB1EC5A16E5C5B6008A0774 /* club-7.png */ = {isa = PBXFileReference; lastKnownFileType = image.png; path = "club-7.png"; sourceTree = "<group>"; };
		EBB1EC5B16E5C5B6008A0774 /* club-7@2x.png */ = {isa = PBXFileReference; lastKnownFileType = image.png; path = "club-7@2x.png"; sourceTree = "<group>"; };
		EBB1EC5C16E5C5B6008A0774 /* club-8.png */ = {isa = PBXFileReference; lastKnownFileType = image.png; path = "club-8.png"; sourceTree = "<group>"; };
		EBB1EC5D16E5C5B6008A0774 /* club-8@2x.png */ = {isa = PBXFileReference; lastKnownFileType = image.png; path = "club-8@2x.png"; sourceTree = "<group>"; };
		EBB1EC5E16E5C5B6008A0774 /* club-9.png */ = {isa = PBXFileReference; lastKnownFileType = image.png; path = "club-9.png"; sourceTree = "<group>"; };
		EBB1EC5F16E5C5B6008A0774 /* club-9@2x.png */ = {isa = PBXFileReference; lastKnownFileType = image.png; path = "club-9@2x.png"; sourceTree = "<group>"; };
		EBB1EC6116E5C5B6008A0774 /* Icon-72.png */ = {isa = PBXFileReference; lastKnownFileType = image.png; path = "Icon-72.png"; sourceTree = "<group>"; };
		EBB1EC6216E5C5B6008A0774 /* Icon.png */ = {isa = PBXFileReference; lastKnownFileType = image.png; path = Icon.png; sourceTree = "<group>"; };
		EBB1EC6316E5C5B6008A0774 /* Icon@2x.png */ = {isa = PBXFileReference; lastKnownFileType = image.png; path = "Icon@2x.png"; sourceTree = "<group>"; };
		EBB1EC6416E5C5B6008A0774 /* diamond-1.png */ = {isa = PBXFileReference; lastKnownFileType = image.png; path = "diamond-1.png"; sourceTree = "<group>"; };
		EBB1EC6516E5C5B6008A0774 /* diamond-10.png */ = {isa = PBXFileReference; lastKnownFileType = image.png; path = "diamond-10.png"; sourceTree = "<group>"; };
		EBB1EC6616E5C5B6008A0774 /* diamond-10@2x.png */ = {isa = PBXFileReference; lastKnownFileType = image.png; path = "diamond-10@2x.png"; sourceTree = "<group>"; };
		EBB1EC6716E5C5B6008A0774 /* diamond-11.png */ = {isa = PBXFileReference; lastKnownFileType = image.png; path = "diamond-11.png"; sourceTree = "<group>"; };
		EBB1EC6816E5C5B6008A0774 /* diamond-11@2x.png */ = {isa = PBXFileReference; lastKnownFileType = image.png; path = "diamond-11@2x.png"; sourceTree = "<group>"; };
		EBB1EC6916E5C5B6008A0774 /* diamond-12.png */ = {isa = PBXFileReference; lastKnownFileType = image.png; path = "diamond-12.png"; sourceTree = "<group>"; };
		EBB1EC6A16E5C5B6008A0774 /* diamond-12@2x.png */ = {isa = PBXFileReference; lastKnownFileType = image.png; path = "diamond-12@2x.png"; sourceTree = "<group>"; };
		EBB1EC6B16E5C5B6008A0774 /* diamond-13.png */ = {isa = PBXFileReference; lastKnownFileType = image.png; path = "diamond-13.png"; sourceTree = "<group>"; };
		EBB1EC6C16E5C5B6008A0774 /* diamond-13@2x.png */ = {isa = PBXFileReference; lastKnownFileType = image.png; path = "diamond-13@2x.png"; sourceTree = "<group>"; };
		EBB1EC6D16E5C5B6008A0774 /* diamond-1@2x.png */ = {isa = PBXFileReference; lastKnownFileType = image.png; path = "diamond-1@2x.png"; sourceTree = "<group>"; };
		EBB1EC6E16E5C5B6008A0774 /* diamond-2.png */ = {isa = PBXFileReference; lastKnownFileType = image.png; path = "diamond-2.png"; sourceTree = "<group>"; };
		EBB1EC6F16E5C5B6008A0774 /* diamond-2@2x.png */ = {isa = PBXFileReference; lastKnownFileType = image.png; path = "diamond-2@2x.png"; sourceTree = "<group>"; };
		EBB1EC7016E5C5B6008A0774 /* diamond-3.png */ = {isa = PBXFileReference; lastKnownFileType = image.png; path = "diamond-3.png"; sourceTree = "<group>"; };
		EBB1EC7116E5C5B6008A0774 /* diamond-3@2x.png */ = {isa = PBXFileReference; lastKnownFileType = image.png; path = "diamond-3@2x.png"; sourceTree = "<group>"; };
		EBB1EC7216E5C5B6008A0774 /* diamond-4.png */ = {isa = PBXFileReference; lastKnownFileType = image.png; path = "diamond-4.png"; sourceTree = "<group>"; };
		EBB1EC7316E5C5B6008A0774 /* diamond-4@2x.png */ = {isa = PBXFileReference; lastKnownFileType = image.png; path = "diamond-4@2x.png"; sourceTree = "<group>"; };
		EBB1EC7416E5C5B6008A0774 /* diamond-5.png */ = {isa = PBXFileReference; lastKnownFileType = image.png; path = "diamond-5.png"; sourceTree = "<group>"; };
		EBB1EC7516E5C5B6008A0774 /* diamond-5@2x.png */ = {isa = PBXFileReference; lastKnownFileType = image.png; path = "diamond-5@2x.png"; sourceTree = "<group>"; };
		EBB1EC7616E5C5B6008A0774 /* diamond-6.png */ = {isa = PBXFileReference; lastKnownFileType = image.png; path = "diamond-6.png"; sourceTree = "<group>"; };
		EBB1EC7716E5C5B6008A0774 /* diamond-6@2x.png */ = {isa = PBXFileReference; lastKnownFileType = image.png; path = "diamond-6@2x.png"; sourceTree = "<group>"; };
		EBB1EC7816E5C5B6008A0774 /* diamond-7.png */ = {isa = PBXFileReference; lastKnownFileType = image.png; path = "diamond-7.png"; sourceTree = "<group>"; };
		EBB1EC7916E5C5B6008A0774 /* diamond-7@2x.png */ = {isa = PBXFileReference; lastKnownFileType = image.png; path = "diamond-7@2x.png"; sourceTree = "<group>"; };
		EBB1EC7A16E5C5B6008A0774 /* diamond-8.png */ = {isa = PBXFileReference; lastKnownFileType = image.png; path = "diamond-8.png"; sourceTree = "<group>"; };
		EBB1EC7B16E5C5B6008A0774 /* diamond-8@2x.png */ = {isa = PBXFileReference; lastKnownFileType = image.png; path = "diamond-8@2x.png"; sourceTree = "<group>"; };
		EBB1EC7C16E5C5B6008A0774 /* diamond-9.png */ = {isa = PBXFileReference; lastKnownFileType = image.png; path = "diamond-9.png"; sourceTree = "<group>"; };
		EBB1EC7D16E5C5B6008A0774 /* diamond-9@2x.png */ = {isa = PBXFileReference; lastKnownFileType = image.png; path = "diamond-9@2x.png"; sourceTree = "<group>"; };
		EBB1EC7E16E5C5B6008A0774 /* heart-1.png */ = {isa = PBXFileReference; lastKnownFileType = image.png; path = "heart-1.png"; sourceTree = "<group>"; };
		EBB1EC7F16E5C5B6008A0774 /* heart-10.png */ = {isa = PBXFileReference; lastKnownFileType = image.png; path = "heart-10.png"; sourceTree = "<group>"; };
		EBB1EC8016E5C5B6008A0774 /* heart-10@2x.png */ = {isa = PBXFileReference; lastKnownFileType = image.png; path = "heart-10@2x.png"; sourceTree = "<group>"; };
		EBB1EC8116E5C5B6008A0774 /* heart-11.png */ = {isa = PBXFileReference; lastKnownFileType = image.png; path = "heart-11.png"; sourceTree = "<group>"; };
		EBB1EC8216E5C5B6008A0774 /* heart-11@2x.png */ = {isa = PBXFileReference; lastKnownFileType = image.png; path = "heart-11@2x.png"; sourceTree = "<group>"; };
		EBB1EC8316E5C5B6008A0774 /* heart-12.png */ = {isa = PBXFileReference; lastKnownFileType = image.png; path = "heart-12.png"; sourceTree = "<group>"; };
		EBB1EC8416E5C5B6008A0774 /* heart-12@2x.png */ = {isa = PBXFileReference; lastKnownFileType = image.png; path = "heart-12@2x.png"; sourceTree = "<group>"; };
		EBB1EC8516E5C5B6008A0774 /* heart-13.png */ = {isa = PBXFileReference; lastKnownFileType = image.png; path = "heart-13.png"; sourceTree = "<group>"; };
		EBB1EC8616E5C5B6008A0774 /* heart-13@2x.png */ = {isa = PBXFileReference; lastKnownFileType = image.png; path = "heart-13@2x.png"; sourceTree = "<group>"; };
		EBB1EC8716E5C5B6008A0774 /* heart-1@2x.png */ = {isa = PBXFileReference; lastKnownFileType = image.png; path = "heart-1@2x.png"; sourceTree = "<group>"; };
		EBB1EC8816E5C5B6008A0774 /* heart-2.png */ = {isa = PBXFileReference; lastKnownFileType = image.png; path = "heart-2.png"; sourceTree = "<group>"; };
		EBB1EC8916E5C5B6008A0774 /* heart-2@2x.png */ = {isa = PBXFileReference; lastKnownFileType = image.png; path = "heart-2@2x.png"; sourceTree = "<group>"; };
		EBB1EC8A16E5C5B6008A0774 /* heart-3.png */ = {isa = PBXFileReference; lastKnownFileType = image.png; path = "heart-3.png"; sourceTree = "<group>"; };
		EBB1EC8B16E5C5B6008A0774 /* heart-3@2x.png */ = {isa = PBXFileReference; lastKnownFileType = image.png; path = "heart-3@2x.png"; sourceTree = "<group>"; };
		EBB1EC8C16E5C5B6008A0774 /* heart-4.png */ = {isa = PBXFileReference; lastKnownFileType = image.png; path = "heart-4.png"; sourceTree = "<group>"; };
		EBB1EC8D16E5C5B6008A0774 /* heart-4@2x.png */ = {isa = PBXFileReference; lastKnownFileType = image.png; path = "heart-4@2x.png"; sourceTree = "<group>"; };
		EBB1EC8E16E5C5B6008A0774 /* heart-5.png */ = {isa = PBXFileReference; lastKnownFileType = image.png; path = "heart-5.png"; sourceTree = "<group>"; };
		EBB1EC8F16E5C5B6008A0774 /* heart-5@2x.png */ = {isa = PBXFileReference; lastKnownFileType = image.png; path = "heart-5@2x.png"; sourceTree = "<group>"; };
		EBB1EC9016E5C5B6008A0774 /* heart-6.png */ = {isa = PBXFileReference; lastKnownFileType = image.png; path = "heart-6.png"; sourceTree = "<group>"; };
		EBB1EC9116E5C5B6008A0774 /* heart-6@2x.png */ = {isa = PBXFileReference; lastKnownFileType = image.png; path = "heart-6@2x.png"; sourceTree = "<group>"; };
		EBB1EC9216E5C5B6008A0774 /* heart-7.png */ = {isa = PBXFileReference; lastKnownFileType = image.png; path = "heart-7.png"; sourceTree = "<group>"; };
		EBB1EC9316E5C5B6008A0774 /* heart-7@2x.png */ = {isa = PBXFileReference; lastKnownFileType = image.png; path = "heart-7@2x.png"; sourceTree = "<group>"; };
		EBB1EC9416E5C5B6008A0774 /* heart-8.png */ = {isa = PBXFileReference; lastKnownFileType = image.png; path = "heart-8.png"; sourceTree = "<group>"; };
		EBB1EC9516E5C5B6008A0774 /* heart-8@2x.png */ = {isa = PBXFileReference; lastKnownFileType = image.png; path = "heart-8@2x.png"; sourceTree = "<group>"; };
		EBB1EC9616E5C5B6008A0774 /* heart-9.png */ = {isa = PBXFileReference; lastKnownFileType = image.png; path = "heart-9.png"; sourceTree = "<group>"; };
		EBB1EC9716E5C5B6008A0774 /* heart-9@2x.png */ = {isa = PBXFileReference; lastKnownFileType = image.png; path = "heart-9@2x.png"; sourceTree = "<group>"; };
		EBB1EC9816E5C5B6008A0774 /* spade-1.png */ = {isa = PBXFileReference; lastKnownFileType = image.png; path = "spade-1.png"; sourceTree = "<group>"; };
		EBB1EC9916E5C5B6008A0774 /* spade-10.png */ = {isa = PBXFileReference; lastKnownFileType = image.png; path = "spade-10.png"; sourceTree = "<group>"; };
		EBB1EC9A16E5C5B6008A0774 /* spade-10@2x.png */ = {isa = PBXFileReference; lastKnownFileType = image.png; path = "spade-10@2x.png"; sourceTree = "<group>"; };
		EBB1EC9B16E5C5B6008A0774 /* spade-11.png */ = {isa = PBXFileReference; lastKnownFileType = image.png; path = "spade-11.png"; sourceTree = "<group>"; };
		EBB1EC9C16E5C5B6008A0774 /* spade-11@2x.png */ = {isa = PBXFileReference; lastKnownFileType = image.png; path = "spade-11@2x.png"; sourceTree = "<group>"; };
		EBB1EC9D16E5C5B6008A0774 /* spade-12.png */ = {isa = PBXFileReference; lastKnownFileType = image.png; path = "spade-12.png"; sourceTree = "<group>"; };
		EBB1EC9E16E5C5B6008A0774 /* spade-12@2x.png */ = {isa = PBXFileReference; lastKnownFileType = image.png; path = "spade-12@2x.png"; sourceTree = "<group>"; };
		EBB1EC9F16E5C5B6008A0774 /* spade-13.png */ = {isa = PBXFileReference; lastKnownFileType = image.png; path = "spade-13.png"; sourceTree = "<group>"; };
		EBB1ECA016E5C5B6008A0774 /* spade-13@2x.png */ = {isa = PBXFileReference; lastKnownFileType = image.png; path = "spade-13@2x.png"; sourceTree = "<group>"; };
		EBB1ECA116E5C5B6008A0774 /* spade-1@2x.png */ = {isa = PBXFileReference; lastKnownFileType = image.png; path = "spade-1@2x.png"; sourceTree = "<group>"; };
		EBB1ECA216E5C5B6008A0774 /* spade-2.png */ = {isa = PBXFileReference; lastKnownFileType = image.png; path = "spade-2.png"; sourceTree = "<group>"; };
		EBB1ECA316E5C5B6008A0774 /* spade-2@2x.png */ = {isa = PBXFileReference; lastKnownFileType = image.png; path = "spade-2@2x.png"; sourceTree = "<group>"; };
		EBB1ECA416E5C5B6008A0774 /* spade-3.png */ = {isa = PBXFileReference; lastKnownFileType = image.png; path = "spade-3.png"; sourceTree = "<group>"; };
		EBB1ECA516E5C5B6008A0774 /* spade-3@2x.png */ = {isa = PBXFileReference; lastKnownFileType = image.png; path = "spade-3@2x.png"; sourceTree = "<group>"; };
		EBB1ECA616E5C5B6008A0774 /* spade-4.png */ = {isa = PBXFileReference; lastKnownFileType = image.png; path = "spade-4.png"; sourceTree = "<group>"; };
		EBB1ECA716E5C5B6008A0774 /* spade-4@2x.png */ = {isa = PBXFileReference; lastKnownFileType = image.png; path = "spade-4@2x.png"; sourceTree = "<group>"; };
		EBB1ECA816E5C5B6008A0774 /* spade-5.png */ = {isa = PBXFileReference; lastKnownFileType = image.png; path = "spade-5.png"; sourceTree = "<group>"; };
		EBB1ECA916E5C5B6008A0774 /* spade-5@2x.png */ = {isa = PBXFileReference; lastKnownFileType = image.png; path = "spade-5@2x.png"; sourceTree = "<group>"; };
		EBB1ECAA16E5C5B6008A0774 /* spade-6.png */ = {isa = PBXFileReference; lastKnownFileType = image.png; path = "spade-6.png"; sourceTree = "<group>"; };
		EBB1ECAB16E5C5B6008A0774 /* spade-6@2x.png */ = {isa = PBXFileReference; lastKnownFileType = image.png; path = "spade-6@2x.png"; sourceTree = "<group>"; };
		EBB1ECAC16E5C5B6008A0774 /* spade-7.png */ = {isa = PBXFileReference; lastKnownFileType = image.png; path = "spade-7.png"; sourceTree = "<group>"; };
		EBB1ECAD16E5C5B6008A0774 /* spade-7@2x.png */ = {isa = PBXFileReference; lastKnownFileType = image.png; path = "spade-7@2x.png"; sourceTree = "<group>"; };
		EBB1ECAE16E5C5B6008A0774 /* spade-8.png */ = {isa = PBXFileReference; lastKnownFileType = image.png; path = "spade-8.png"; sourceTree = "<group>"; };
		EBB1ECAF16E5C5B6008A0774 /* spade-8@2x.png */ = {isa = PBXFileReference; lastKnownFileType = image.png; path = "spade-8@2x.png"; sourceTree = "<group>"; };
		EBB1ECB016E5C5B6008A0774 /* spade-9.png */ = {isa = PBXFileReference; lastKnownFileType = image.png; path = "spade-9.png"; sourceTree = "<group>"; };
		EBB1ECB116E5C5B6008A0774 /* spade-9@2x.png */ = {isa = PBXFileReference; lastKnownFileType = image.png; path = "spade-9@2x.png"; sourceTree = "<group>"; };
/* End PBXFileReference section */

/* Begin PBXFrameworksBuildPhase section */
		EBA6875C16DABE4A006018C2 /* Frameworks */ = {
			isa = PBXFrameworksBuildPhase;
			buildActionMask = 2147483647;
			files = (
				EBA6876316DABE4B006018C2 /* UIKit.framework in Frameworks */,
				EBA6876516DABE4B006018C2 /* Foundation.framework in Frameworks */,
				EBA6876716DABE4B006018C2 /* CoreGraphics.framework in Frameworks */,
			);
			runOnlyForDeploymentPostprocessing = 0;
		};
/* End PBXFrameworksBuildPhase section */

/* Begin PBXGroup section */
		EBA6875616DABE4A006018C2 = {
			isa = PBXGroup;
			children = (
				EBA6876816DABE4B006018C2 /* Matchismo */,
				EBA6876116DABE4A006018C2 /* Frameworks */,
				EBA6876016DABE4A006018C2 /* Products */,
			);
			sourceTree = "<group>";
		};
		EBA6876016DABE4A006018C2 /* Products */ = {
			isa = PBXGroup;
			children = (
				EBA6875F16DABE4A006018C2 /* Matchismo.app */,
			);
			name = Products;
			sourceTree = "<group>";
		};
		EBA6876116DABE4A006018C2 /* Frameworks */ = {
			isa = PBXGroup;
			children = (
				EBA6876216DABE4B006018C2 /* UIKit.framework */,
				EBA6876416DABE4B006018C2 /* Foundation.framework */,
				EBA6876616DABE4B006018C2 /* CoreGraphics.framework */,
			);
			name = Frameworks;
			sourceTree = "<group>";
		};
		EBA6876816DABE4B006018C2 /* Matchismo */ = {
			isa = PBXGroup;
			children = (
				EBA6877116DABE4B006018C2 /* CardGameAppDelegate.h */,
				EBA6877216DABE4B006018C2 /* CardGameAppDelegate.m */,
				EBA6878816DBC9BB006018C2 /* Model */,
				EBA6877A16DABE4B006018C2 /* MainStoryboard.storyboard */,
				EBA6877D16DABE4B006018C2 /* CardGameViewController.h */,
				EBA6877E16DABE4B006018C2 /* CardGameViewController.m */,
				EB9CFB9C16E6AAEB008C8AA4 /* MatchGameViewController.h */,
				EB9CFB9D16E6AAEB008C8AA4 /* MatchGameViewController.m */,
				EB9CFB8D16E64E6E008C8AA4 /* SetGameViewController.h */,
				EB9CFB8E16E64E6E008C8AA4 /* SetGameViewController.m */,
				EB9CFB8A16E63C78008C8AA4 /* GameResultsViewController.h */,
				EB9CFB8B16E63C78008C8AA4 /* GameResultsViewController.m */,
				EBA6876916DABE4B006018C2 /* Supporting Files */,
			);
			path = Matchismo;
			sourceTree = "<group>";
		};
		EBA6876916DABE4B006018C2 /* Supporting Files */ = {
			isa = PBXGroup;
			children = (
				EBB1EC4316E5C5B6008A0774 /* cardimages */,
				EBA6876A16DABE4B006018C2 /* Matchismo-Info.plist */,
				EBA6876B16DABE4B006018C2 /* InfoPlist.strings */,
				EBA6876E16DABE4B006018C2 /* main.m */,
				EBA6877016DABE4B006018C2 /* Matchismo-Prefix.pch */,
				EBA6877416DABE4B006018C2 /* Default.png */,
				EBA6877616DABE4B006018C2 /* Default@2x.png */,
				EBA6877816DABE4B006018C2 /* Default-568h@2x.png */,
			);
			name = "Supporting Files";
			sourceTree = "<group>";
		};
		EBA6878816DBC9BB006018C2 /* Model */ = {
			isa = PBXGroup;
			children = (
				EBA6879216DBCADE006018C2 /* Card.h */,
				EBA6879316DBCADE006018C2 /* Card.m */,
				EBA6878C16DBCA5E006018C2 /* Deck.h */,
				EBA6878D16DBCA5E006018C2 /* Deck.m */,
				EBA6878916DBCA25006018C2 /* PlayingCard.h */,
				EBA6878A16DBCA25006018C2 /* PlayingCard.m */,
				EB9CFB9016E65159008C8AA4 /* SetCard.h */,
				EB9CFB9116E65159008C8AA4 /* SetCard.m */,
				EB9CFB9316E691E8008C8AA4 /* SetCardDeck.h */,
				EB9CFB9416E691E9008C8AA4 /* SetCardDeck.m */,
				EBA6878F16DBCA89006018C2 /* PlayingCardDeck.h */,
				EBA6879016DBCA89006018C2 /* PlayingCardDeck.m */,
				EB29AF7B16DC2E0B00E169A2 /* CardMatchingGame.h */,
				EB29AF7C16DC2E0B00E169A2 /* CardMatchingGame.m */,
			);
			name = Model;
			sourceTree = "<group>";
		};
		EBB1EC4316E5C5B6008A0774 /* cardimages */ = {
			isa = PBXGroup;
			children = (
				EBB1EC4416E5C5B6008A0774 /* card-back.png */,
				EBB1EC4516E5C5B6008A0774 /* card-back@2x.png */,
				EBB1EC4616E5C5B6008A0774 /* club-1.png */,
				EBB1EC4716E5C5B6008A0774 /* club-10.png */,
				EBB1EC4816E5C5B6008A0774 /* club-10@2x.png */,
				EBB1EC4916E5C5B6008A0774 /* club-11.png */,
				EBB1EC4A16E5C5B6008A0774 /* club-11@2x.png */,
				EBB1EC4B16E5C5B6008A0774 /* club-12.png */,
				EBB1EC4C16E5C5B6008A0774 /* club-12@2x.png */,
				EBB1EC4D16E5C5B6008A0774 /* club-13.png */,
				EBB1EC4E16E5C5B6008A0774 /* club-13@2x.png */,
				EBB1EC4F16E5C5B6008A0774 /* club-1@2x.png */,
				EBB1EC5016E5C5B6008A0774 /* club-2.png */,
				EBB1EC5116E5C5B6008A0774 /* club-2@2x.png */,
				EBB1EC5216E5C5B6008A0774 /* club-3.png */,
				EBB1EC5316E5C5B6008A0774 /* club-3@2x.png */,
				EBB1EC5416E5C5B6008A0774 /* club-4.png */,
				EBB1EC5516E5C5B6008A0774 /* club-4@2x.png */,
				EBB1EC5616E5C5B6008A0774 /* club-5.png */,
				EBB1EC5716E5C5B6008A0774 /* club-5@2x.png */,
				EBB1EC5816E5C5B6008A0774 /* club-6.png */,
				EBB1EC5916E5C5B6008A0774 /* club-6@2x.png */,
				EBB1EC5A16E5C5B6008A0774 /* club-7.png */,
				EBB1EC5B16E5C5B6008A0774 /* club-7@2x.png */,
				EBB1EC5C16E5C5B6008A0774 /* club-8.png */,
				EBB1EC5D16E5C5B6008A0774 /* club-8@2x.png */,
				EBB1EC5E16E5C5B6008A0774 /* club-9.png */,
				EBB1EC5F16E5C5B6008A0774 /* club-9@2x.png */,
				EBB1EC6016E5C5B6008A0774 /* defaults */,
				EBB1EC6416E5C5B6008A0774 /* diamond-1.png */,
				EBB1EC6516E5C5B6008A0774 /* diamond-10.png */,
				EBB1EC6616E5C5B6008A0774 /* diamond-10@2x.png */,
				EBB1EC6716E5C5B6008A0774 /* diamond-11.png */,
				EBB1EC6816E5C5B6008A0774 /* diamond-11@2x.png */,
				EBB1EC6916E5C5B6008A0774 /* diamond-12.png */,
				EBB1EC6A16E5C5B6008A0774 /* diamond-12@2x.png */,
				EBB1EC6B16E5C5B6008A0774 /* diamond-13.png */,
				EBB1EC6C16E5C5B6008A0774 /* diamond-13@2x.png */,
				EBB1EC6D16E5C5B6008A0774 /* diamond-1@2x.png */,
				EBB1EC6E16E5C5B6008A0774 /* diamond-2.png */,
				EBB1EC6F16E5C5B6008A0774 /* diamond-2@2x.png */,
				EBB1EC7016E5C5B6008A0774 /* diamond-3.png */,
				EBB1EC7116E5C5B6008A0774 /* diamond-3@2x.png */,
				EBB1EC7216E5C5B6008A0774 /* diamond-4.png */,
				EBB1EC7316E5C5B6008A0774 /* diamond-4@2x.png */,
				EBB1EC7416E5C5B6008A0774 /* diamond-5.png */,
				EBB1EC7516E5C5B6008A0774 /* diamond-5@2x.png */,
				EBB1EC7616E5C5B6008A0774 /* diamond-6.png */,
				EBB1EC7716E5C5B6008A0774 /* diamond-6@2x.png */,
				EBB1EC7816E5C5B6008A0774 /* diamond-7.png */,
				EBB1EC7916E5C5B6008A0774 /* diamond-7@2x.png */,
				EBB1EC7A16E5C5B6008A0774 /* diamond-8.png */,
				EBB1EC7B16E5C5B6008A0774 /* diamond-8@2x.png */,
				EBB1EC7C16E5C5B6008A0774 /* diamond-9.png */,
				EBB1EC7D16E5C5B6008A0774 /* diamond-9@2x.png */,
				EBB1EC7E16E5C5B6008A0774 /* heart-1.png */,
				EBB1EC7F16E5C5B6008A0774 /* heart-10.png */,
				EBB1EC8016E5C5B6008A0774 /* heart-10@2x.png */,
				EBB1EC8116E5C5B6008A0774 /* heart-11.png */,
				EBB1EC8216E5C5B6008A0774 /* heart-11@2x.png */,
				EBB1EC8316E5C5B6008A0774 /* heart-12.png */,
				EBB1EC8416E5C5B6008A0774 /* heart-12@2x.png */,
				EBB1EC8516E5C5B6008A0774 /* heart-13.png */,
				EBB1EC8616E5C5B6008A0774 /* heart-13@2x.png */,
				EBB1EC8716E5C5B6008A0774 /* heart-1@2x.png */,
				EBB1EC8816E5C5B6008A0774 /* heart-2.png */,
				EBB1EC8916E5C5B6008A0774 /* heart-2@2x.png */,
				EBB1EC8A16E5C5B6008A0774 /* heart-3.png */,
				EBB1EC8B16E5C5B6008A0774 /* heart-3@2x.png */,
				EBB1EC8C16E5C5B6008A0774 /* heart-4.png */,
				EBB1EC8D16E5C5B6008A0774 /* heart-4@2x.png */,
				EBB1EC8E16E5C5B6008A0774 /* heart-5.png */,
				EBB1EC8F16E5C5B6008A0774 /* heart-5@2x.png */,
				EBB1EC9016E5C5B6008A0774 /* heart-6.png */,
				EBB1EC9116E5C5B6008A0774 /* heart-6@2x.png */,
				EBB1EC9216E5C5B6008A0774 /* heart-7.png */,
				EBB1EC9316E5C5B6008A0774 /* heart-7@2x.png */,
				EBB1EC9416E5C5B6008A0774 /* heart-8.png */,
				EBB1EC9516E5C5B6008A0774 /* heart-8@2x.png */,
				EBB1EC9616E5C5B6008A0774 /* heart-9.png */,
				EBB1EC9716E5C5B6008A0774 /* heart-9@2x.png */,
				EBB1EC9816E5C5B6008A0774 /* spade-1.png */,
				EBB1EC9916E5C5B6008A0774 /* spade-10.png */,
				EBB1EC9A16E5C5B6008A0774 /* spade-10@2x.png */,
				EBB1EC9B16E5C5B6008A0774 /* spade-11.png */,
				EBB1EC9C16E5C5B6008A0774 /* spade-11@2x.png */,
				EBB1EC9D16E5C5B6008A0774 /* spade-12.png */,
				EBB1EC9E16E5C5B6008A0774 /* spade-12@2x.png */,
				EBB1EC9F16E5C5B6008A0774 /* spade-13.png */,
				EBB1ECA016E5C5B6008A0774 /* spade-13@2x.png */,
				EBB1ECA116E5C5B6008A0774 /* spade-1@2x.png */,
				EBB1ECA216E5C5B6008A0774 /* spade-2.png */,
				EBB1ECA316E5C5B6008A0774 /* spade-2@2x.png */,
				EBB1ECA416E5C5B6008A0774 /* spade-3.png */,
				EBB1ECA516E5C5B6008A0774 /* spade-3@2x.png */,
				EBB1ECA616E5C5B6008A0774 /* spade-4.png */,
				EBB1ECA716E5C5B6008A0774 /* spade-4@2x.png */,
				EBB1ECA816E5C5B6008A0774 /* spade-5.png */,
				EBB1ECA916E5C5B6008A0774 /* spade-5@2x.png */,
				EBB1ECAA16E5C5B6008A0774 /* spade-6.png */,
				EBB1ECAB16E5C5B6008A0774 /* spade-6@2x.png */,
				EBB1ECAC16E5C5B6008A0774 /* spade-7.png */,
				EBB1ECAD16E5C5B6008A0774 /* spade-7@2x.png */,
				EBB1ECAE16E5C5B6008A0774 /* spade-8.png */,
				EBB1ECAF16E5C5B6008A0774 /* spade-8@2x.png */,
				EBB1ECB016E5C5B6008A0774 /* spade-9.png */,
				EBB1ECB116E5C5B6008A0774 /* spade-9@2x.png */,
			);
			name = cardimages;
			path = ../cardimages;
			sourceTree = "<group>";
		};
		EBB1EC6016E5C5B6008A0774 /* defaults */ = {
			isa = PBXGroup;
			children = (
				EBB1EC6116E5C5B6008A0774 /* Icon-72.png */,
				EBB1EC6216E5C5B6008A0774 /* Icon.png */,
				EBB1EC6316E5C5B6008A0774 /* Icon@2x.png */,
			);
			path = defaults;
			sourceTree = "<group>";
		};
/* End PBXGroup section */

/* Begin PBXNativeTarget section */
		EBA6875E16DABE4A006018C2 /* Matchismo */ = {
			isa = PBXNativeTarget;
			buildConfigurationList = EBA6878216DABE4B006018C2 /* Build configuration list for PBXNativeTarget "Matchismo" */;
			buildPhases = (
				EBA6875B16DABE4A006018C2 /* Sources */,
				EBA6875C16DABE4A006018C2 /* Frameworks */,
				EBA6875D16DABE4A006018C2 /* Resources */,
			);
			buildRules = (
			);
			dependencies = (
			);
			name = Matchismo;
			productName = Matchismo;
			productReference = EBA6875F16DABE4A006018C2 /* Matchismo.app */;
			productType = "com.apple.product-type.application";
		};
/* End PBXNativeTarget section */

/* Begin PBXProject section */
		EBA6875716DABE4A006018C2 /* Project object */ = {
			isa = PBXProject;
			attributes = {
				CLASSPREFIX = CardGame;
				LastUpgradeCheck = 0460;
				ORGANIZATIONNAME = "Duane Bender";
			};
			buildConfigurationList = EBA6875A16DABE4A006018C2 /* Build configuration list for PBXProject "Matchismo" */;
			compatibilityVersion = "Xcode 3.2";
			developmentRegion = English;
			hasScannedForEncodings = 0;
			knownRegions = (
				en,
			);
			mainGroup = EBA6875616DABE4A006018C2;
			productRefGroup = EBA6876016DABE4A006018C2 /* Products */;
			projectDirPath = "";
			projectRoot = "";
			targets = (
				EBA6875E16DABE4A006018C2 /* Matchismo */,
			);
		};
/* End PBXProject section */

/* Begin PBXResourcesBuildPhase section */
		EBA6875D16DABE4A006018C2 /* Resources */ = {
			isa = PBXResourcesBuildPhase;
			buildActionMask = 2147483647;
			files = (
				EBA6876D16DABE4B006018C2 /* InfoPlist.strings in Resources */,
				EBA6877516DABE4B006018C2 /* Default.png in Resources */,
				EBA6877716DABE4B006018C2 /* Default@2x.png in Resources */,
				EBA6877916DABE4B006018C2 /* Default-568h@2x.png in Resources */,
				EBA6877C16DABE4B006018C2 /* MainStoryboard.storyboard in Resources */,
				EBB1ECB216E5C5B6008A0774 /* card-back.png in Resources */,
				EBB1ECB316E5C5B6008A0774 /* card-back@2x.png in Resources */,
				EBB1ECB416E5C5B6008A0774 /* club-1.png in Resources */,
				EBB1ECB516E5C5B6008A0774 /* club-10.png in Resources */,
				EBB1ECB616E5C5B6008A0774 /* club-10@2x.png in Resources */,
				EBB1ECB716E5C5B6008A0774 /* club-11.png in Resources */,
				EBB1ECB816E5C5B6008A0774 /* club-11@2x.png in Resources */,
				EBB1ECB916E5C5B6008A0774 /* club-12.png in Resources */,
				EBB1ECBA16E5C5B6008A0774 /* club-12@2x.png in Resources */,
				EBB1ECBB16E5C5B6008A0774 /* club-13.png in Resources */,
				EBB1ECBC16E5C5B6008A0774 /* club-13@2x.png in Resources */,
				EBB1ECBD16E5C5B6008A0774 /* club-1@2x.png in Resources */,
				EBB1ECBE16E5C5B6008A0774 /* club-2.png in Resources */,
				EBB1ECBF16E5C5B6008A0774 /* club-2@2x.png in Resources */,
				EBB1ECC016E5C5B6008A0774 /* club-3.png in Resources */,
				EBB1ECC116E5C5B6008A0774 /* club-3@2x.png in Resources */,
				EBB1ECC216E5C5B6008A0774 /* club-4.png in Resources */,
				EBB1ECC316E5C5B6008A0774 /* club-4@2x.png in Resources */,
				EBB1ECC416E5C5B6008A0774 /* club-5.png in Resources */,
				EBB1ECC516E5C5B6008A0774 /* club-5@2x.png in Resources */,
				EBB1ECC616E5C5B6008A0774 /* club-6.png in Resources */,
				EBB1ECC716E5C5B6008A0774 /* club-6@2x.png in Resources */,
				EBB1ECC816E5C5B6008A0774 /* club-7.png in Resources */,
				EBB1ECC916E5C5B6008A0774 /* club-7@2x.png in Resources */,
				EBB1ECCA16E5C5B6008A0774 /* club-8.png in Resources */,
				EBB1ECCB16E5C5B6008A0774 /* club-8@2x.png in Resources */,
				EBB1ECCC16E5C5B6008A0774 /* club-9.png in Resources */,
				EBB1ECCD16E5C5B6008A0774 /* club-9@2x.png in Resources */,
				EBB1ECCE16E5C5B6008A0774 /* Icon-72.png in Resources */,
				EBB1ECCF16E5C5B6008A0774 /* Icon.png in Resources */,
				EBB1ECD016E5C5B6008A0774 /* Icon@2x.png in Resources */,
				EBB1ECD116E5C5B6008A0774 /* diamond-1.png in Resources */,
				EBB1ECD216E5C5B6008A0774 /* diamond-10.png in Resources */,
				EBB1ECD316E5C5B6008A0774 /* diamond-10@2x.png in Resources */,
				EBB1ECD416E5C5B6008A0774 /* diamond-11.png in Resources */,
				EBB1ECD516E5C5B6008A0774 /* diamond-11@2x.png in Resources */,
				EBB1ECD616E5C5B6008A0774 /* diamond-12.png in Resources */,
				EBB1ECD716E5C5B6008A0774 /* diamond-12@2x.png in Resources */,
				EBB1ECD816E5C5B6008A0774 /* diamond-13.png in Resources */,
				EBB1ECD916E5C5B6008A0774 /* diamond-13@2x.png in Resources */,
				EBB1ECDA16E5C5B6008A0774 /* diamond-1@2x.png in Resources */,
				EBB1ECDB16E5C5B6008A0774 /* diamond-2.png in Resources */,
				EBB1ECDC16E5C5B6008A0774 /* diamond-2@2x.png in Resources */,
				EBB1ECDD16E5C5B6008A0774 /* diamond-3.png in Resources */,
				EBB1ECDE16E5C5B6008A0774 /* diamond-3@2x.png in Resources */,
				EBB1ECDF16E5C5B6008A0774 /* diamond-4.png in Resources */,
				EBB1ECE016E5C5B6008A0774 /* diamond-4@2x.png in Resources */,
				EBB1ECE116E5C5B6008A0774 /* diamond-5.png in Resources */,
				EBB1ECE216E5C5B6008A0774 /* diamond-5@2x.png in Resources */,
				EBB1ECE316E5C5B6008A0774 /* diamond-6.png in Resources */,
				EBB1ECE416E5C5B6008A0774 /* diamond-6@2x.png in Resources */,
				EBB1ECE516E5C5B6008A0774 /* diamond-7.png in Resources */,
				EBB1ECE616E5C5B6008A0774 /* diamond-7@2x.png in Resources */,
				EBB1ECE716E5C5B6008A0774 /* diamond-8.png in Resources */,
				EBB1ECE816E5C5B6008A0774 /* diamond-8@2x.png in Resources */,
				EBB1ECE916E5C5B6008A0774 /* diamond-9.png in Resources */,
				EBB1ECEA16E5C5B6008A0774 /* diamond-9@2x.png in Resources */,
				EBB1ECEB16E5C5B6008A0774 /* heart-1.png in Resources */,
				EBB1ECEC16E5C5B6008A0774 /* heart-10.png in Resources */,
				EBB1ECED16E5C5B6008A0774 /* heart-10@2x.png in Resources */,
				EBB1ECEE16E5C5B6008A0774 /* heart-11.png in Resources */,
				EBB1ECEF16E5C5B6008A0774 /* heart-11@2x.png in Resources */,
				EBB1ECF016E5C5B6008A0774 /* heart-12.png in Resources */,
				EBB1ECF116E5C5B6008A0774 /* heart-12@2x.png in Resources */,
				EBB1ECF216E5C5B6008A0774 /* heart-13.png in Resources */,
				EBB1ECF316E5C5B6008A0774 /* heart-13@2x.png in Resources */,
				EBB1ECF416E5C5B6008A0774 /* heart-1@2x.png in Resources */,
				EBB1ECF516E5C5B6008A0774 /* heart-2.png in Resources */,
				EBB1ECF616E5C5B6008A0774 /* heart-2@2x.png in Resources */,
				EBB1ECF716E5C5B6008A0774 /* heart-3.png in Resources */,
				EBB1ECF816E5C5B6008A0774 /* heart-3@2x.png in Resources */,
				EBB1ECF916E5C5B6008A0774 /* heart-4.png in Resources */,
				EBB1ECFA16E5C5B6008A0774 /* heart-4@2x.png in Resources */,
				EBB1ECFB16E5C5B6008A0774 /* heart-5.png in Resources */,
				EBB1ECFC16E5C5B6008A0774 /* heart-5@2x.png in Resources */,
				EBB1ECFD16E5C5B6008A0774 /* heart-6.png in Resources */,
				EBB1ECFE16E5C5B6008A0774 /* heart-6@2x.png in Resources */,
				EBB1ECFF16E5C5B6008A0774 /* heart-7.png in Resources */,
				EBB1ED0016E5C5B6008A0774 /* heart-7@2x.png in Resources */,
				EBB1ED0116E5C5B6008A0774 /* heart-8.png in Resources */,
				EBB1ED0216E5C5B6008A0774 /* heart-8@2x.png in Resources */,
				EBB1ED0316E5C5B6008A0774 /* heart-9.png in Resources */,
				EBB1ED0416E5C5B6008A0774 /* heart-9@2x.png in Resources */,
				EBB1ED0516E5C5B6008A0774 /* spade-1.png in Resources */,
				EBB1ED0616E5C5B6008A0774 /* spade-10.png in Resources */,
				EBB1ED0716E5C5B6008A0774 /* spade-10@2x.png in Resources */,
				EBB1ED0816E5C5B6008A0774 /* spade-11.png in Resources */,
				EBB1ED0916E5C5B6008A0774 /* spade-11@2x.png in Resources */,
				EBB1ED0A16E5C5B6008A0774 /* spade-12.png in Resources */,
				EBB1ED0B16E5C5B6008A0774 /* spade-12@2x.png in Resources */,
				EBB1ED0C16E5C5B6008A0774 /* spade-13.png in Resources */,
				EBB1ED0D16E5C5B6008A0774 /* spade-13@2x.png in Resources */,
				EBB1ED0E16E5C5B6008A0774 /* spade-1@2x.png in Resources */,
				EBB1ED0F16E5C5B6008A0774 /* spade-2.png in Resources */,
				EBB1ED1016E5C5B6008A0774 /* spade-2@2x.png in Resources */,
				EBB1ED1116E5C5B6008A0774 /* spade-3.png in Resources */,
				EBB1ED1216E5C5B6008A0774 /* spade-3@2x.png in Resources */,
				EBB1ED1316E5C5B6008A0774 /* spade-4.png in Resources */,
				EBB1ED1416E5C5B6008A0774 /* spade-4@2x.png in Resources */,
				EBB1ED1516E5C5B6008A0774 /* spade-5.png in Resources */,
				EBB1ED1616E5C5B6008A0774 /* spade-5@2x.png in Resources */,
				EBB1ED1716E5C5B6008A0774 /* spade-6.png in Resources */,
				EBB1ED1816E5C5B6008A0774 /* spade-6@2x.png in Resources */,
				EBB1ED1916E5C5B6008A0774 /* spade-7.png in Resources */,
				EBB1ED1A16E5C5B6008A0774 /* spade-7@2x.png in Resources */,
				EBB1ED1B16E5C5B6008A0774 /* spade-8.png in Resources */,
				EBB1ED1C16E5C5B6008A0774 /* spade-8@2x.png in Resources */,
				EBB1ED1D16E5C5B6008A0774 /* spade-9.png in Resources */,
				EBB1ED1E16E5C5B6008A0774 /* spade-9@2x.png in Resources */,
			);
			runOnlyForDeploymentPostprocessing = 0;
		};
/* End PBXResourcesBuildPhase section */

/* Begin PBXSourcesBuildPhase section */
		EBA6875B16DABE4A006018C2 /* Sources */ = {
			isa = PBXSourcesBuildPhase;
			buildActionMask = 2147483647;
			files = (
				EBA6876F16DABE4B006018C2 /* main.m in Sources */,
				EBA6877316DABE4B006018C2 /* CardGameAppDelegate.m in Sources */,
				EBA6877F16DABE4B006018C2 /* CardGameViewController.m in Sources */,
				EBA6878B16DBCA25006018C2 /* PlayingCard.m in Sources */,
				EBA6878E16DBCA5E006018C2 /* Deck.m in Sources */,
				EBA6879116DBCA89006018C2 /* PlayingCardDeck.m in Sources */,
				EBA6879416DBCADE006018C2 /* Card.m in Sources */,
				EB29AF7D16DC2E0B00E169A2 /* CardMatchingGame.m in Sources */,
				EB9CFB8C16E63C78008C8AA4 /* GameResultsViewController.m in Sources */,
				EB9CFB8F16E64E6E008C8AA4 /* SetGameViewController.m in Sources */,
				EB9CFB9216E65159008C8AA4 /* SetCard.m in Sources */,
				EB9CFB9516E691E9008C8AA4 /* SetCardDeck.m in Sources */,
				EB9CFB9E16E6AAEB008C8AA4 /* MatchGameViewController.m in Sources */,
			);
			runOnlyForDeploymentPostprocessing = 0;
		};
/* End PBXSourcesBuildPhase section */

/* Begin PBXVariantGroup section */
		EBA6876B16DABE4B006018C2 /* InfoPlist.strings */ = {
			isa = PBXVariantGroup;
			children = (
				EBA6876C16DABE4B006018C2 /* en */,
			);
			name = InfoPlist.strings;
			sourceTree = "<group>";
		};
		EBA6877A16DABE4B006018C2 /* MainStoryboard.storyboard */ = {
			isa = PBXVariantGroup;
			children = (
				EBA6877B16DABE4B006018C2 /* en */,
			);
			name = MainStoryboard.storyboard;
			sourceTree = "<group>";
		};
/* End PBXVariantGroup section */

/* Begin XCBuildConfiguration section */
		EBA6878016DABE4B006018C2 /* Debug */ = {
			isa = XCBuildConfiguration;
			buildSettings = {
				ALWAYS_SEARCH_USER_PATHS = NO;
				CLANG_CXX_LANGUAGE_STANDARD = "gnu++0x";
				CLANG_CXX_LIBRARY = "libc++";
				CLANG_ENABLE_OBJC_ARC = YES;
				CLANG_WARN_CONSTANT_CONVERSION = YES;
				CLANG_WARN_EMPTY_BODY = YES;
				CLANG_WARN_ENUM_CONVERSION = YES;
				CLANG_WARN_INT_CONVERSION = YES;
				CLANG_WARN__DUPLICATE_METHOD_MATCH = YES;
				"CODE_SIGN_IDENTITY[sdk=iphoneos*]" = "iPhone Developer";
				COPY_PHASE_STRIP = NO;
				GCC_C_LANGUAGE_STANDARD = gnu99;
				GCC_DYNAMIC_NO_PIC = NO;
				GCC_OPTIMIZATION_LEVEL = 0;
				GCC_PREPROCESSOR_DEFINITIONS = (
					"DEBUG=1",
					"$(inherited)",
				);
				GCC_SYMBOLS_PRIVATE_EXTERN = NO;
				GCC_WARN_ABOUT_RETURN_TYPE = YES;
				GCC_WARN_UNINITIALIZED_AUTOS = YES;
				GCC_WARN_UNUSED_VARIABLE = YES;
				IPHONEOS_DEPLOYMENT_TARGET = 6.1;
				ONLY_ACTIVE_ARCH = YES;
				SDKROOT = iphoneos;
			};
			name = Debug;
		};
		EBA6878116DABE4B006018C2 /* Release */ = {
			isa = XCBuildConfiguration;
			buildSettings = {
				ALWAYS_SEARCH_USER_PATHS = NO;
				CLANG_CXX_LANGUAGE_STANDARD = "gnu++0x";
				CLANG_CXX_LIBRARY = "libc++";
				CLANG_ENABLE_OBJC_ARC = YES;
				CLANG_WARN_CONSTANT_CONVERSION = YES;
				CLANG_WARN_EMPTY_BODY = YES;
				CLANG_WARN_ENUM_CONVERSION = YES;
				CLANG_WARN_INT_CONVERSION = YES;
				CLANG_WARN__DUPLICATE_METHOD_MATCH = YES;
				"CODE_SIGN_IDENTITY[sdk=iphoneos*]" = "iPhone Developer";
				COPY_PHASE_STRIP = YES;
				GCC_C_LANGUAGE_STANDARD = gnu99;
				GCC_WARN_ABOUT_RETURN_TYPE = YES;
				GCC_WARN_UNINITIALIZED_AUTOS = YES;
				GCC_WARN_UNUSED_VARIABLE = YES;
				IPHONEOS_DEPLOYMENT_TARGET = 6.1;
				OTHER_CFLAGS = "-DNS_BLOCK_ASSERTIONS=1";
				SDKROOT = iphoneos;
				VALIDATE_PRODUCT = YES;
			};
			name = Release;
		};
		EBA6878316DABE4B006018C2 /* Debug */ = {
			isa = XCBuildConfiguration;
			buildSettings = {
				GCC_PRECOMPILE_PREFIX_HEADER = YES;
				GCC_PREFIX_HEADER = "Matchismo/Matchismo-Prefix.pch";
				INFOPLIST_FILE = "Matchismo/Matchismo-Info.plist";
				PRODUCT_NAME = "$(TARGET_NAME)";
				WRAPPER_EXTENSION = app;
			};
			name = Debug;
		};
		EBA6878416DABE4B006018C2 /* Release */ = {
			isa = XCBuildConfiguration;
			buildSettings = {
				GCC_PRECOMPILE_PREFIX_HEADER = YES;
				GCC_PREFIX_HEADER = "Matchismo/Matchismo-Prefix.pch";
				INFOPLIST_FILE = "Matchismo/Matchismo-Info.plist";
				PRODUCT_NAME = "$(TARGET_NAME)";
				WRAPPER_EXTENSION = app;
			};
			name = Release;
		};
/* End XCBuildConfiguration section */

/* Begin XCConfigurationList section */
		EBA6875A16DABE4A006018C2 /* Build configuration list for PBXProject "Matchismo" */ = {
			isa = XCConfigurationList;
			buildConfigurations = (
				EBA6878016DABE4B006018C2 /* Debug */,
				EBA6878116DABE4B006018C2 /* Release */,
			);
			defaultConfigurationIsVisible = 0;
			defaultConfigurationName = Release;
		};
		EBA6878216DABE4B006018C2 /* Build configuration list for PBXNativeTarget "Matchismo" */ = {
			isa = XCConfigurationList;
			buildConfigurations = (
				EBA6878316DABE4B006018C2 /* Debug */,
				EBA6878416DABE4B006018C2 /* Release */,
			);
			defaultConfigurationIsVisible = 0;
			defaultConfigurationName = Release;
		};
/* End XCConfigurationList section */
	};
	rootObject = EBA6875716DABE4A006018C2 /* Project object */;
}
